<?xml version="1.0" encoding="utf-8"?>
<Project ToolsVersion="4.0" xmlns="http://schemas.microsoft.com/developer/msbuild/2003">
  <ItemGroup>
    <Filter Include="源文件">
      <UniqueIdentifier>{4FC737F1-C7A5-4376-A066-2A32D752A2FF}</UniqueIdentifier>
      <Extensions>cpp;c;cc;cxx;c++;cppm;ixx;def;odl;idl;hpj;bat;asm;asmx</Extensions>
    </Filter>
    <Filter Include="头文件">
      <UniqueIdentifier>{93995380-89BD-4b04-88EB-625FBE52EBFB}</UniqueIdentifier>
      <Extensions>h;hh;hpp;hxx;h++;hm;inl;inc;ipp;xsd</Extensions>
    </Filter>
    <Filter Include="资源文件">
      <UniqueIdentifier>{67DA6AB6-F800-4c08-8B7A-83BB121AAD01}</UniqueIdentifier>
      <Extensions>rc;ico;cur;bmp;dlg;rc2;rct;bin;rgs;gif;jpg;jpeg;jpe;resx;tiff;tif;png;wav;mfcribbon-ms</Extensions>
    </Filter>
  </ItemGroup>
  <ItemGroup>
    <Image Include="Resources\VisuxC.ico">
      <Filter>资源文件</Filter>
    </Image>
  </ItemGroup>
  <ItemGroup>
    <ResourceCompile Include="Resources\VisuxC.rc">
      <Filter>资源文件</Filter>
    </ResourceCompile>
  </ItemGroup>
  <ItemGroup>
    <ClInclude Include="Resources\resource.h">
      <Filter>头文件</Filter>
    </ClInclude>
    <ClInclude Include="src\main\ErrorCode.h">
      <Filter>头文件</Filter>
    </ClInclude>
    <ClInclude Include="src\main\Lang.h">
      <Filter>头文件</Filter>
    </ClInclude>
    <ClInclude Include="src\main\MainWindow.h">
      <Filter>头文件</Filter>
    </ClInclude>
    <ClInclude Include="src\ui\UI.h">
      <Filter>头文件</Filter>
    </ClInclude>
    <ClInclude Include="src\user\User.h">
      <Filter>头文件</Filter>
    </ClInclude>
    <ClInclude Include="src\sidebar\SideBar.h">
      <Filter>头文件</Filter>
    </ClInclude>
    <ClInclude Include="src\menu\Menu.h">
      <Filter>头文件</Filter>
    </ClInclude>
    <ClInclude Include="src\Shared.h">
      <Filter>头文件</Filter>
    </ClInclude>
    <ClInclude Include="src\info\Message.h">
      <Filter>头文件</Filter>
    </ClInclude>
    <ClInclude Include="src\main\Debug.h">
      <Filter>头文件</Filter>
    </ClInclude>
    <ClInclude Include="src\bottombar\BottomBar.h">
      <Filter>头文件</Filter>
    </ClInclude>
  </ItemGroup>
  <ItemGroup>
    <ClCompile Include="src\main\Lang.cpp">
      <Filter>源文件</Filter>
    </ClCompile>
    <ClCompile Include="src\main\Main.cpp">
      <Filter>源文件</Filter>
    </ClCompile>
    <ClCompile Include="src\main\MainWindow.cpp">
      <Filter>源文件</Filter>
    </ClCompile>
    <ClCompile Include="src\ui\UI.cpp">
      <Filter>源文件</Filter>
    </ClCompile>
    <ClCompile Include="src\user\User.cpp">
      <Filter>源文件</Filter>
    </ClCompile>
    <ClCompile Include="src\Shared.cpp">
      <Filter>源文件</Filter>
    </ClCompile>
    <ClCompile Include="src\sidebar\SideBar.cpp">
      <Filter>源文件</Filter>
    </ClCompile>
    <ClCompile Include="src\menu\Menu.cpp">
      <Filter>源文件</Filter>
    </ClCompile>
    <ClCompile Include="src\info\Message.cpp">
      <Filter>源文件</Filter>
    </ClCompile>
    <ClCompile Include="src\main\Debug.cpp">
      <Filter>源文件</Filter>
    </ClCompile>
    <ClCompile Include="src\bottombar\BottomBar.cpp">
      <Filter>源文件</Filter>
    </ClCompile>
  </ItemGroup>
</Project>